// !$*UTF8*$!
{
	archiveVersion = 1;
	classes = {
	};
	objectVersion = 50;
	objects = {

/* Begin PBXBuildFile section */
		52D76AD02175C35100D3AE6D /* AppDelegate.swift in Sources */ = {isa = PBXBuildFile; fileRef = 52D76ACF2175C35100D3AE6D /* AppDelegate.swift */; };
		52D76AD22175C35100D3AE6D /* ViewController.swift in Sources */ = {isa = PBXBuildFile; fileRef = 52D76AD12175C35100D3AE6D /* ViewController.swift */; };
		52D76AD52175C35100D3AE6D /* Main.storyboard in Resources */ = {isa = PBXBuildFile; fileRef = 52D76AD32175C35100D3AE6D /* Main.storyboard */; };
		52D76AD72175C35300D3AE6D /* Assets.xcassets in Resources */ = {isa = PBXBuildFile; fileRef = 52D76AD62175C35300D3AE6D /* Assets.xcassets */; };
		52D76ADA2175C35300D3AE6D /* LaunchScreen.storyboard in Resources */ = {isa = PBXBuildFile; fileRef = 52D76AD82175C35300D3AE6D /* LaunchScreen.storyboard */; };
		52D76AE52175C35300D3AE6D /* view_IDNTests.swift in Sources */ = {isa = PBXBuildFile; fileRef = 52D76AE42175C35300D3AE6D /* view_IDNTests.swift */; };
		52D76AF02175C35300D3AE6D /* view_IDNUITests.swift in Sources */ = {isa = PBXBuildFile; fileRef = 52D76AEF2175C35300D3AE6D /* view_IDNUITests.swift */; };
/* End PBXBuildFile section */

/* Begin PBXContainerItemProxy section */
		52D76AE12175C35300D3AE6D /* PBXContainerItemProxy */ = {
			isa = PBXContainerItemProxy;
			containerPortal = 52D76AC42175C35100D3AE6D /* Project object */;
			proxyType = 1;
			remoteGlobalIDString = 52D76ACB2175C35100D3AE6D;
			remoteInfo = "view IDN";
		};
		52D76AEC2175C35300D3AE6D /* PBXContainerItemProxy */ = {
			isa = PBXContainerItemProxy;
			containerPortal = 52D76AC42175C35100D3AE6D /* Project object */;
			proxyType = 1;
			remoteGlobalIDString = 52D76ACB2175C35100D3AE6D;
			remoteInfo = "view IDN";
		};
/* End PBXContainerItemProxy section */

/* Begin PBXFileReference section */
		52D76ACC2175C35100D3AE6D /* view IDN.app */ = {isa = PBXFileReference; explicitFileType = wrapper.application; includeInIndex = 0; path = "view IDN.app"; sourceTree = BUILT_PRODUCTS_DIR; };
		52D76ACF2175C35100D3AE6D /* AppDelegate.swift */ = {isa = PBXFileReference; lastKnownFileType = sourcecode.swift; path = AppDelegate.swift; sourceTree = "<group>"; };
		52D76AD12175C35100D3AE6D /* ViewController.swift */ = {isa = PBXFileReference; lastKnownFileType = sourcecode.swift; path = ViewController.swift; sourceTree = "<group>"; };
		52D76AD42175C35100D3AE6D /* Base */ = {isa = PBXFileReference; lastKnownFileType = file.storyboard; name = Base; path = Base.lproj/Main.storyboard; sourceTree = "<group>"; };
		52D76AD62175C35300D3AE6D /* Assets.xcassets */ = {isa = PBXFileReference; lastKnownFileType = folder.assetcatalog; path = Assets.xcassets; sourceTree = "<group>"; };
		52D76AD92175C35300D3AE6D /* Base */ = {isa = PBXFileReference; lastKnownFileType = file.storyboard; name = Base; path = Base.lproj/LaunchScreen.storyboard; sourceTree = "<group>"; };
		52D76ADB2175C35300D3AE6D /* Info.plist */ = {isa = PBXFileReference; lastKnownFileType = text.plist.xml; path = Info.plist; sourceTree = "<group>"; };
		52D76AE02175C35300D3AE6D /* view IDNTests.xctest */ = {isa = PBXFileReference; explicitFileType = wrapper.cfbundle; includeInIndex = 0; path = "view IDNTests.xctest"; sourceTree = BUILT_PRODUCTS_DIR; };
		52D76AE42175C35300D3AE6D /* view_IDNTests.swift */ = {isa = PBXFileReference; lastKnownFileType = sourcecode.swift; path = view_IDNTests.swift; sourceTree = "<group>"; };
		52D76AE62175C35300D3AE6D /* Info.plist */ = {isa = PBXFileReference; lastKnownFileType = text.plist.xml; path = Info.plist; sourceTree = "<group>"; };
		52D76AEB2175C35300D3AE6D /* view IDNUITests.xctest */ = {isa = PBXFileReference; explicitFileType = wrapper.cfbundle; includeInIndex = 0; path = "view IDNUITests.xctest"; sourceTree = BUILT_PRODUCTS_DIR; };
		52D76AEF2175C35300D3AE6D /* view_IDNUITests.swift */ = {isa = PBXFileReference; lastKnownFileType = sourcecode.swift; path = view_IDNUITests.swift; sourceTree = "<group>"; };
		52D76AF12175C35300D3AE6D /* Info.plist */ = {isa = PBXFileReference; lastKnownFileType = text.plist.xml; path = Info.plist; sourceTree = "<group>"; };
/* End PBXFileReference section */

/* Begin PBXFrameworksBuildPhase section */
		52D76AC92175C35100D3AE6D /* Frameworks */ = {
			isa = PBXFrameworksBuildPhase;
			buildActionMask = 2147483647;
			files = (
			);
			runOnlyForDeploymentPostprocessing = 0;
		};
		52D76ADD2175C35300D3AE6D /* Frameworks */ = {
			isa = PBXFrameworksBuildPhase;
			buildActionMask = 2147483647;
			files = (
			);
			runOnlyForDeploymentPostprocessing = 0;
		};
		52D76AE82175C35300D3AE6D /* Frameworks */ = {
			isa = PBXFrameworksBuildPhase;
			buildActionMask = 2147483647;
			files = (
			);
			runOnlyForDeploymentPostprocessing = 0;
		};
/* End PBXFrameworksBuildPhase section */

/* Begin PBXGroup section */
		52D76AC32175C35100D3AE6D = {
			isa = PBXGroup;
			children = (
				52D76ACE2175C35100D3AE6D /* view IDN */,
				52D76AE32175C35300D3AE6D /* view IDNTests */,
				52D76AEE2175C35300D3AE6D /* view IDNUITests */,
				52D76ACD2175C35100D3AE6D /* Products */,
			);
			sourceTree = "<group>";
		};
		52D76ACD2175C35100D3AE6D /* Products */ = {
			isa = PBXGroup;
			children = (
				52D76ACC2175C35100D3AE6D /* view IDN.app */,
				52D76AE02175C35300D3AE6D /* view IDNTests.xctest */,
				52D76AEB2175C35300D3AE6D /* view IDNUITests.xctest */,
			);
			name = Products;
			sourceTree = "<group>";
		};
		52D76ACE2175C35100D3AE6D /* view IDN */ = {
			isa = PBXGroup;
			children = (
				52D76ACF2175C35100D3AE6D /* AppDelegate.swift */,
				52D76AD12175C35100D3AE6D /* ViewController.swift */,
				52D76AD32175C35100D3AE6D /* Main.storyboard */,
				52D76AD62175C35300D3AE6D /* Assets.xcassets */,
				52D76AD82175C35300D3AE6D /* LaunchScreen.storyboard */,
				52D76ADB2175C35300D3AE6D /* Info.plist */,
			);
			path = "view IDN";
			sourceTree = "<group>";
		};
		52D76AE32175C35300D3AE6D /* view IDNTests */ = {
			isa = PBXGroup;
			children = (
				52D76AE42175C35300D3AE6D /* view_IDNTests.swift */,
				52D76AE62175C35300D3AE6D /* Info.plist */,
			);
			path = "view IDNTests";
			sourceTree = "<group>";
		};
		52D76AEE2175C35300D3AE6D /* view IDNUITests */ = {
			isa = PBXGroup;
			children = (
				52D76AEF2175C35300D3AE6D /* view_IDNUITests.swift */,
				52D76AF12175C35300D3AE6D /* Info.plist */,
			);
			path = "view IDNUITests";
			sourceTree = "<group>";
		};
/* End PBXGroup section */

/* Begin PBXNativeTarget section */
		52D76ACB2175C35100D3AE6D /* view IDN */ = {
			isa = PBXNativeTarget;
			buildConfigurationList = 52D76AF42175C35300D3AE6D /* Build configuration list for PBXNativeTarget "view IDN" */;
			buildPhases = (
				52D76AC82175C35100D3AE6D /* Sources */,
				52D76AC92175C35100D3AE6D /* Frameworks */,
				52D76ACA2175C35100D3AE6D /* Resources */,
			);
			buildRules = (
			);
			dependencies = (
			);
			name = "view IDN";
			productName = "view IDN";
			productReference = 52D76ACC2175C35100D3AE6D /* view IDN.app */;
			productType = "com.apple.product-type.application";
		};
		52D76ADF2175C35300D3AE6D /* view IDNTests */ = {
			isa = PBXNativeTarget;
			buildConfigurationList = 52D76AF72175C35300D3AE6D /* Build configuration list for PBXNativeTarget "view IDNTests" */;
			buildPhases = (
				52D76ADC2175C35300D3AE6D /* Sources */,
				52D76ADD2175C35300D3AE6D /* Frameworks */,
				52D76ADE2175C35300D3AE6D /* Resources */,
			);
			buildRules = (
			);
			dependencies = (
				52D76AE22175C35300D3AE6D /* PBXTargetDependency */,
			);
			name = "view IDNTests";
			productName = "view IDNTests";
			productReference = 52D76AE02175C35300D3AE6D /* view IDNTests.xctest */;
			productType = "com.apple.product-type.bundle.unit-test";
		};
		52D76AEA2175C35300D3AE6D /* view IDNUITests */ = {
			isa = PBXNativeTarget;
			buildConfigurationList = 52D76AFA2175C35300D3AE6D /* Build configuration list for PBXNativeTarget "view IDNUITests" */;
			buildPhases = (
				52D76AE72175C35300D3AE6D /* Sources */,
				52D76AE82175C35300D3AE6D /* Frameworks */,
				52D76AE92175C35300D3AE6D /* Resources */,
			);
			buildRules = (
			);
			dependencies = (
				52D76AED2175C35300D3AE6D /* PBXTargetDependency */,
			);
			name = "view IDNUITests";
			productName = "view IDNUITests";
			productReference = 52D76AEB2175C35300D3AE6D /* view IDNUITests.xctest */;
			productType = "com.apple.product-type.bundle.ui-testing";
		};
/* End PBXNativeTarget section */

/* Begin PBXProject section */
		52D76AC42175C35100D3AE6D /* Project object */ = {
			isa = PBXProject;
			attributes = {
				LastSwiftUpdateCheck = 0940;
				LastUpgradeCheck = 0940;
				ORGANIZATIONNAME = Mubs;
				TargetAttributes = {
					52D76ACB2175C35100D3AE6D = {
						CreatedOnToolsVersion = 9.4.1;
					};
					52D76ADF2175C35300D3AE6D = {
						CreatedOnToolsVersion = 9.4.1;
						TestTargetID = 52D76ACB2175C35100D3AE6D;
					};
					52D76AEA2175C35300D3AE6D = {
						CreatedOnToolsVersion = 9.4.1;
						TestTargetID = 52D76ACB2175C35100D3AE6D;
					};
				};
			};
			buildConfigurationList = 52D76AC72175C35100D3AE6D /* Build configuration list for PBXProject "view IDN" */;
			compatibilityVersion = "Xcode 9.3";
			developmentRegion = en;
			hasScannedForEncodings = 0;
			knownRegions = (
				en,
				Base,
			);
			mainGroup = 52D76AC32175C35100D3AE6D;
			productRefGroup = 52D76ACD2175C35100D3AE6D /* Products */;
			projectDirPath = "";
			projectRoot = "";
			targets = (
				52D76ACB2175C35100D3AE6D /* view IDN */,
				52D76ADF2175C35300D3AE6D /* view IDNTests */,
				52D76AEA2175C35300D3AE6D /* view IDNUITests */,
			);
		};
/* End PBXProject section */

/* Begin PBXResourcesBuildPhase section */
		52D76ACA2175C35100D3AE6D /* Resources */ = {
			isa = PBXResourcesBuildPhase;
			buildActionMask = 2147483647;
			files = (
				52D76ADA2175C35300D3AE6D /* LaunchScreen.storyboard in Resources */,
				52D76AD72175C35300D3AE6D /* Assets.xcassets in Resources */,
				52D76AD52175C35100D3AE6D /* Main.storyboard in Resources */,
			);
			runOnlyForDeploymentPostprocessing = 0;
		};
		52D76ADE2175C35300D3AE6D /* Resources */ = {
			isa = PBXResourcesBuildPhase;
			buildActionMask = 2147483647;
			files = (
			);
			runOnlyForDeploymentPostprocessing = 0;
		};
		52D76AE92175C35300D3AE6D /* Resources */ = {
			isa = PBXResourcesBuildPhase;
			buildActionMask = 2147483647;
			files = (
			);
			runOnlyForDeploymentPostprocessing = 0;
		};
/* End PBXResourcesBuildPhase section */

/* Begin PBXSourcesBuildPhase section */
		52D76AC82175C35100D3AE6D /* Sources */ = {
			isa = PBXSourcesBuildPhase;
			buildActionMask = 2147483647;
			files = (
				52D76AD22175C35100D3AE6D /* ViewController.swift in Sources */,
				52D76AD02175C35100D3AE6D /* AppDelegate.swift in Sources */,
			);
			runOnlyForDeploymentPostprocessing = 0;
		};
		52D76ADC2175C35300D3AE6D /* Sources */ = {
			isa = PBXSourcesBuildPhase;
			buildActionMask = 2147483647;
			files = (
				52D76AE52175C35300D3AE6D /* view_IDNTests.swift in Sources */,
			);
			runOnlyForDeploymentPostprocessing = 0;
		};
		52D76AE72175C35300D3AE6D /* Sources */ = {
			isa = PBXSourcesBuildPhase;
			buildActionMask = 2147483647;
			files = (
				52D76AF02175C35300D3AE6D /* view_IDNUITests.swift in Sources */,
			);
			runOnlyForDeploymentPostprocessing = 0;
		};
/* End PBXSourcesBuildPhase section */

/* Begin PBXTargetDependency section */
		52D76AE22175C35300D3AE6D /* PBXTargetDependency */ = {
			isa = PBXTargetDependency;
			target = 52D76ACB2175C35100D3AE6D /* view IDN */;
			targetProxy = 52D76AE12175C35300D3AE6D /* PBXContainerItemProxy */;
		};
		52D76AED2175C35300D3AE6D /* PBXTargetDependency */ = {
			isa = PBXTargetDependency;
			target = 52D76ACB2175C35100D3AE6D /* view IDN */;
			targetProxy = 52D76AEC2175C35300D3AE6D /* PBXContainerItemProxy */;
		};
/* End PBXTargetDependency section */

/* Begin PBXVariantGroup section */
		52D76AD32175C35100D3AE6D /* Main.storyboard */ = {
			isa = PBXVariantGroup;
			children = (
				52D76AD42175C35100D3AE6D /* Base */,
			);
			name = Main.storyboard;
			sourceTree = "<group>";
		};
		52D76AD82175C35300D3AE6D /* LaunchScreen.storyboard */ = {
			isa = PBXVariantGroup;
			children = (
				52D76AD92175C35300D3AE6D /* Base */,
			);
			name = LaunchScreen.storyboard;
			sourceTree = "<group>";
		};
/* End PBXVariantGroup section */

/* Begin XCBuildConfiguration section */
		52D76AF22175C35300D3AE6D /* Debug */ = {
			isa = XCBuildConfiguration;
			buildSettings = {
				ALWAYS_SEARCH_USER_PATHS = NO;
				CLANG_ANALYZER_NONNULL = YES;
				CLANG_ANALYZER_NUMBER_OBJECT_CONVERSION = YES_AGGRESSIVE;
				CLANG_CXX_LANGUAGE_STANDARD = "gnu++14";
				CLANG_CXX_LIBRARY = "libc++";
				CLANG_ENABLE_MODULES = YES;
				CLANG_ENABLE_OBJC_ARC = YES;
				CLANG_ENABLE_OBJC_WEAK = YES;
				CLANG_WARN_BLOCK_CAPTURE_AUTORELEASING = YES;
				CLANG_WARN_BOOL_CONVERSION = YES;
				CLANG_WARN_COMMA = YES;
				CLANG_WARN_CONSTANT_CONVERSION = YES;
				CLANG_WARN_DEPRECATED_OBJC_IMPLEMENTATIONS = YES;
				CLANG_WARN_DIRECT_OBJC_ISA_USAGE = YES_ERROR;
				CLANG_WARN_DOCUMENTATION_COMMENTS = YES;
				CLANG_WARN_EMPTY_BODY = YES;
				CLANG_WARN_ENUM_CONVERSION = YES;
				CLANG_WARN_INFINITE_RECURSION = YES;
				CLANG_WARN_INT_CONVERSION = YES;
				CLANG_WARN_NON_LITERAL_NULL_CONVERSION = YES;
				CLANG_WARN_OBJC_IMPLICIT_RETAIN_SELF = YES;
				CLANG_WARN_OBJC_LITERAL_CONVERSION = YES;
				CLANG_WARN_OBJC_ROOT_CLASS = YES_ERROR;
				CLANG_WARN_RANGE_LOOP_ANALYSIS = YES;
				CLANG_WARN_STRICT_PROTOTYPES = YES;
				CLANG_WARN_SUSPICIOUS_MOVE = YES;
				CLANG_WARN_UNGUARDED_AVAILABILITY = YES_AGGRESSIVE;
				CLANG_WARN_UNREACHABLE_CODE = YES;
				CLANG_WARN__DUPLICATE_METHOD_MATCH = YES;
				CODE_SIGN_IDENTITY = "iPhone Developer";
				COPY_PHASE_STRIP = NO;
				DEBUG_INFORMATION_FORMAT = dwarf;
				ENABLE_STRICT_OBJC_MSGSEND = YES;
				ENABLE_TESTABILITY = YES;
				GCC_C_LANGUAGE_STANDARD = gnu11;
				GCC_DYNAMIC_NO_PIC = NO;
				GCC_NO_COMMON_BLOCKS = YES;
				GCC_OPTIMIZATION_LEVEL = 0;
				GCC_PREPROCESSOR_DEFINITIONS = (
					"DEBUG=1",
					"$(inherited)",
				);
				GCC_WARN_64_TO_32_BIT_CONVERSION = YES;
				GCC_WARN_ABOUT_RETURN_TYPE = YES_ERROR;
				GCC_WARN_UNDECLARED_SELECTOR = YES;
				GCC_WARN_UNINITIALIZED_AUTOS = YES_AGGRESSIVE;
				GCC_WARN_UNUSED_FUNCTION = YES;
				GCC_WARN_UNUSED_VARIABLE = YES;
				IPHONEOS_DEPLOYMENT_TARGET = 11.4;
				MTL_ENABLE_DEBUG_INFO = YES;
				ONLY_ACTIVE_ARCH = YES;
				SDKROOT = iphoneos;
				SWIFT_ACTIVE_COMPILATION_CONDITIONS = DEBUG;
				SWIFT_OPTIMIZATION_LEVEL = "-Onone";
			};
			name = Debug;
		};
		52D76AF32175C35300D3AE6D /* Release */ = {
			isa = XCBuildConfiguration;
			buildSettings = {
				ALWAYS_SEARCH_USER_PATHS = NO;
				CLANG_ANALYZER_NONNULL = YES;
				CLANG_ANALYZER_NUMBER_OBJECT_CONVERSION = YES_AGGRESSIVE;
				CLANG_CXX_LANGUAGE_STANDARD = "gnu++14";
				CLANG_CXX_LIBRARY = "libc++";
				CLANG_ENABLE_MODULES = YES;
				CLANG_ENABLE_OBJC_ARC = YES;
				CLANG_ENABLE_OBJC_WEAK = YES;
				CLANG_WARN_BLOCK_CAPTURE_AUTORELEASING = YES;
				CLANG_WARN_BOOL_CONVERSION = YES;
				CLANG_WARN_COMMA = YES;
				CLANG_WARN_CONSTANT_CONVERSION = YES;
				CLANG_WARN_DEPRECATED_OBJC_IMPLEMENTATIONS = YES;
				CLANG_WARN_DIRECT_OBJC_ISA_USAGE = YES_ERROR;
				CLANG_WARN_DOCUMENTATION_COMMENTS = YES;
				CLANG_WARN_EMPTY_BODY = YES;
				CLANG_WARN_ENUM_CONVERSION = YES;
				CLANG_WARN_INFINITE_RECURSION = YES;
				CLANG_WARN_INT_CONVERSION = YES;
				CLANG_WARN_NON_LITERAL_NULL_CONVERSION = YES;
				CLANG_WARN_OBJC_IMPLICIT_RETAIN_SELF = YES;
				CLANG_WARN_OBJC_LITERAL_CONVERSION = YES;
				CLANG_WARN_OBJC_ROOT_CLASS = YES_ERROR;
				CLANG_WARN_RANGE_LOOP_ANALYSIS = YES;
				CLANG_WARN_STRICT_PROTOTYPES = YES;
				CLANG_WARN_SUSPICIOUS_MOVE = YES;
				CLANG_WARN_UNGUARDED_AVAILABILITY = YES_AGGRESSIVE;
				CLANG_WARN_UNREACHABLE_CODE = YES;
				CLANG_WARN__DUPLICATE_METHOD_MATCH = YES;
				CODE_SIGN_IDENTITY = "iPhone Developer";
				COPY_PHASE_STRIP = NO;
				DEBUG_INFORMATION_FORMAT = "dwarf-with-dsym";
				ENABLE_NS_ASSERTIONS = NO;
				ENABLE_STRICT_OBJC_MSGSEND = YES;
				GCC_C_LANGUAGE_STANDARD = gnu11;
				GCC_NO_COMMON_BLOCKS = YES;
				GCC_WARN_64_TO_32_BIT_CONVERSION = YES;
				GCC_WARN_ABOUT_RETURN_TYPE = YES_ERROR;
				GCC_WARN_UNDECLARED_SELECTOR = YES;
				GCC_WARN_UNINITIALIZED_AUTOS = YES_AGGRESSIVE;
				GCC_WARN_UNUSED_FUNCTION = YES;
				GCC_WARN_UNUSED_VARIABLE = YES;
				IPHONEOS_DEPLOYMENT_TARGET = 11.4;
				MTL_ENABLE_DEBUG_INFO = NO;
				SDKROOT = iphoneos;
				SWIFT_COMPILATION_MODE = wholemodule;
				SWIFT_OPTIMIZATION_LEVEL = "-O";
				VALIDATE_PRODUCT = YES;
			};
			name = Release;
		};
		52D76AF52175C35300D3AE6D /* Debug */ = {
			isa = XCBuildConfiguration;
			buildSettings = {
				ASSETCATALOG_COMPILER_APPICON_NAME = AppIcon;
				CODE_SIGN_STYLE = Automatic;
				INFOPLIST_FILE = "view IDN/Info.plist";
				LD_RUNPATH_SEARCH_PATHS = (
					"$(inherited)",
					"@executable_path/Frameworks",
				);
				PRODUCT_BUNDLE_IDENTIFIER = "MubsCompany.view-IDN";
				PRODUCT_NAME = "$(TARGET_NAME)";
				SWIFT_VERSION = 4.0;
				TARGETED_DEVICE_FAMILY = "1,2";
			};
			name = Debug;
		};
		52D76AF62175C35300D3AE6D /* Release */ = {
			isa = XCBuildConfiguration;
			buildSettings = {
				ASSETCATALOG_COMPILER_APPICON_NAME = AppIcon;
				CODE_SIGN_STYLE = Automatic;
				INFOPLIST_FILE = "view IDN/Info.plist";
				LD_RUNPATH_SEARCH_PATHS = (
					"$(inherited)",
					"@executable_path/Frameworks",
				);
				PRODUCT_BUNDLE_IDENTIFIER = "MubsCompany.view-IDN";
				PRODUCT_NAME = "$(TARGET_NAME)";
				SWIFT_VERSION = 4.0;
				TARGETED_DEVICE_FAMILY = "1,2";
			};
			name = Release;
		};
		52D76AF82175C35300D3AE6D /* Debug */ = {
			isa = XCBuildConfiguration;
			buildSettings = {
				ALWAYS_EMBED_SWIFT_STANDARD_LIBRARIES = YES;
				BUNDLE_LOADER = "$(TEST_HOST)";
				CODE_SIGN_STYLE = Automatic;
				INFOPLIST_FILE = "view IDNTests/Info.plist";
				LD_RUNPATH_SEARCH_PATHS = (
					"$(inherited)",
					"@executable_path/Frameworks",
					"@loader_path/Frameworks",
				);
				PRODUCT_BUNDLE_IDENTIFIER = "MubsCompany.view-IDNTests";
				PRODUCT_NAME = "$(TARGET_NAME)";
				SWIFT_VERSION = 4.0;
				TARGETED_DEVICE_FAMILY = "1,2";
				TEST_HOST = "$(BUILT_PRODUCTS_DIR)/view IDN.app/view IDN";
			};
			name = Debug;
		};
		52D76AF92175C35300D3AE6D /* Release */ = {
			isa = XCBuildConfiguration;
			buildSettings = {
				ALWAYS_EMBED_SWIFT_STANDARD_LIBRARIES = YES;
				BUNDLE_LOADER = "$(TEST_HOST)";
				CODE_SIGN_STYLE = Automatic;
				INFOPLIST_FILE = "view IDNTests/Info.plist";
				LD_RUNPATH_SEARCH_PATHS = (
					"$(inherited)",
					"@executable_path/Frameworks",
					"@loader_path/Frameworks",
				);
				PRODUCT_BUNDLE_IDENTIFIER = "MubsCompany.view-IDNTests";
				PRODUCT_NAME = "$(TARGET_NAME)";
				SWIFT_VERSION = 4.0;
				TARGETED_DEVICE_FAMILY = "1,2";
				TEST_HOST = "$(BUILT_PRODUCTS_DIR)/view IDN.app/view IDN";
			};
			name = Release;
		};
		52D76AFB2175C35300D3AE6D /* Debug */ = {
			isa = XCBuildConfiguration;
			buildSettings = {
				ALWAYS_EMBED_SWIFT_STANDARD_LIBRARIES = YES;
				CODE_SIGN_STYLE = Automatic;
				INFOPLIST_FILE = "view IDNUITests/Info.plist";
				LD_RUNPATH_SEARCH_PATHS = (
					"$(inherited)",
					"@executable_path/Frameworks",
					"@loader_path/Frameworks",
				);
				PRODUCT_BUNDLE_IDENTIFIER = "MubsCompany.view-IDNUITests";
				PRODUCT_NAME = "$(TARGET_NAME)";
				SWIFT_VERSION = 4.0;
				TARGETED_DEVICE_FAMILY = "1,2";
				TEST_TARGET_NAME = "view IDN";
			};
			name = Debug;
		};
		52D76AFC2175C35300D3AE6D /* Release */ = {
			isa = XCBuildConfiguration;
			buildSettings = {
				ALWAYS_EMBED_SWIFT_STANDARD_LIBRARIES = YES;
				CODE_SIGN_STYLE = Automatic;
				INFOPLIST_FILE = "view IDNUITests/Info.plist";
				LD_RUNPATH_SEARCH_PATHS = (
					"$(inherited)",
					"@executable_path/Frameworks",
					"@loader_path/Frameworks",
				);
				PRODUCT_BUNDLE_IDENTIFIER = "MubsCompany.view-IDNUITests";
				PRODUCT_NAME = "$(TARGET_NAME)";
				SWIFT_VERSION = 4.0;
				TARGETED_DEVICE_FAMILY = "1,2";
				TEST_TARGET_NAME = "view IDN";
			};
			name = Release;
		};
/* End XCBuildConfiguration section */

/* Begin XCConfigurationList section */
		52D76AC72175C35100D3AE6D /* Build configuration list for PBXProject "view IDN" */ = {
			isa = XCConfigurationList;
			buildConfigurations = (
				52D76AF22175C35300D3AE6D /* Debug */,
				52D76AF32175C35300D3AE6D /* Release */,
			);
			defaultConfigurationIsVisible = 0;
			defaultConfigurationName = Release;
		};
		52D76AF42175C35300D3AE6D /* Build configuration list for PBXNativeTarget "view IDN" */ = {
			isa = XCConfigurationList;
			buildConfigurations = (
				52D76AF52175C35300D3AE6D /* Debug */,
				52D76AF62175C35300D3AE6D /* Release */,
			);
			defaultConfigurationIsVisible = 0;
			defaultConfigurationName = Release;
		};
		52D76AF72175C35300D3AE6D /* Build configuration list for PBXNativeTarget "view IDNTests" */ = {
			isa = XCConfigurationList;
			buildConfigurations = (
				52D76AF82175C35300D3AE6D /* Debug */,
				52D76AF92175C35300D3AE6D /* Release */,
			);
			defaultConfigurationIsVisible = 0;
			defaultConfigurationName = Release;
		};
		52D76AFA2175C35300D3AE6D /* Build configuration list for PBXNativeTarget "view IDNUITests" */ = {
			isa = XCConfigurationList;
			buildConfigurations = (
				52D76AFB2175C35300D3AE6D /* Debug */,
				52D76AFC2175C35300D3AE6D /* Release */,
			);
			defaultConfigurationIsVisible = 0;
			defaultConfigurationName = Release;
		};
/* End XCConfigurationList section */
	};
	rootObject = 52D76AC42175C35100D3AE6D /* Project object */;
}
